{
  "nodes": {
    "devenv": {
      "locked": {
        "dir": "src/modules",
        "lastModified": 1785772008,
        "narHash": "sha256-xVVP8WR9/yQ0AvvVQMeMQbHrHXJTKBq7dqcPyphXDek=",
        "owner": "cachix",
        "repo": "devenv",
        "rev": "9d93b838def889d5bcff302cac49c9322d34d33c",
        "type": "github"
      },
      "original": {
        "dir": "src/modules",
        "owner": "cachix",
        "repo": "devenv",
        "type": "github"
      }
    },
    "flake-compat": {
      "locked": {
        "lastModified": 1696426674,
        "narHash": "sha256-kvjfFW7WAETZlt09AgDn1MrtKzP7t90Vf7vypd3OL1U=",
        "rev": "0f9255e01c2351cc7d116c072cb317785dd33b33",
        "revCount": 57,
        "type": "tarball",
        "url": "https://api.flakehub.com/f/pinned/edolstra/flake-compat/1.0.1/018afb31-abd1-7bff-a5e4-cff7e18efb7a/source.tar.gz"
      },
      "original": {
        "type": "tarball",
        "url": "https://flakehub.com/f/edolstra/flake-compat/1.tar.gz"
      }
    },
    "flake-utils": {
      "inputs": {
        "systems": "systems"
      },
      "locked": {
        "lastModified": 1731533236,
        "narHash": "sha256-l0KFg5HjrsfsO/JpG+r7fRrqm12kzFHyUHqHCVpMMbI=",
        "owner": "numtide",
        "repo": "flake-utils",
        "rev": "11707dc2f618dd54ca8739b309ec4fc024de578b",
        "type": "github"
      },
      "original": {
        "owner": "numtide",
        "repo": "flake-utils",
        "type": "github"
      }
    },
    "mk-shell-bin": {
      "locked": {
        "lastModified": 1677004959,
        "narHash": "sha256-/uEkr1UkJrh11vD02aqufCxtbF5YnhRTIKlx5kyvf+I=",
        "owner": "rrbutani",
        "repo": "nix-mk-shell-bin",
        "rev": "ff5d8bd4d68a347be5042e2f16caee391cd75887",
        "type": "github"
      },
      "original": {
        "owner": "rrbutani",
        "repo": "nix-mk-shell-bin",
        "type": "github"
      }
    },
    "nix-ros-overlay": {
      "inputs": {
        "flake-utils": "flake-utils",
        "nixpkgs": "nixpkgs",
        "rosdistro": "rosdistro"
      },
      "locked": {
        "lastModified": 1785606873,
        "narHash": "sha256-B4+EVJ+D1bKbIzQxdbOJuU/l7y9tJg1dHNAUyO6MQyg=",
        "owner": "lopsided98",
        "repo": "nix-ros-overlay",
        "rev": "2004728f9f450421c9d44b62d6c707a5834139bb",
        "type": "github"
      },
      "original": {
        "owner": "lopsided98",
        "ref": "master",
        "repo": "nix-ros-overlay",
        "type": "github"
      }
    },
    "nix-ros-workspace": {
      "inputs": {
        "nix-ros-overlay": [
          "nix-ros-overlay"
        ],
        "nixpkgs": [
          "nixpkgs"
        ]
      },
      "locked": {
        "lastModified": 1769686097,
        "narHash": "sha256-6Q/lCAD8dEM4quIcTJ2bNaPTTQL4lqxBMvj31S84Wdg=",
        "owner": "RandomSpaceship",
        "repo": "nix-ros-workspace",
        "rev": "4b37c03524e4ce0cae836a30af71473c92a820a8",
        "type": "github"
      },
      "original": {
        "owner": "RandomSpaceship",
        "repo": "nix-ros-workspace",
        "type": "github"
      }
    },
    "nixgl": {
      "inputs": {
        "flake-utils": [
          "nix-ros-overlay",
          "flake-utils"
        ],
        "nixpkgs": [
          "nixpkgs"
        ]
      },
      "locked": {
        "lastModified": 1762090880,
        "narHash": "sha256-fbRQzIGPkjZa83MowjbD2ALaJf9y6KMDdJBQMKFeY/8=",
        "owner": "nix-community",
        "repo": "nixGL",
        "rev": "b6105297e6f0cd041670c3e8628394d4ee247ed5",
        "type": "github"
      },
      "original": {
        "owner": "nix-community",
        "ref": "main",
        "repo": "nixGL",
        "type": "github"
      }
    },
    "nixpkgs": {
      "locked": {
        "lastModified": 1782723713,
        "narHash": "sha256-oPXCU/SSUokcGaJREHibG1CBX3+s/W7orDWQOZDsEeQ=",
        "owner": "NixOS",
        "repo": "nixpkgs",
        "rev": "b5aa0fbd538984f6e3d201be0005b4463d8b09f8",
        "type": "github"
      },
      "original": {
        "owner": "NixOS",
        "ref": "nixos-unstable",
        "repo": "nixpkgs",
        "type": "github"
      }
    },
    "root": {
      "inputs": {
        "devenv": "devenv",
        "mk-shell-bin": "mk-shell-bin",
        "nix-ros-overlay": "nix-ros-overlay",
        "nix-ros-workspace": "nix-ros-workspace",
        "nixgl": "nixgl",
        "nixpkgs": [
          "nix-ros-overlay",
          "nixpkgs"
        ],
        "ros-nur-helper": "ros-nur-helper",
        "ros2nix": "ros2nix",
        "treefmt-nix": "treefmt-nix"
      }
    },
    "ros-nur-helper": {
      "inputs": {
        "nixpkgs": [
          "nixpkgs"
        ],
        "ros2nix_repo": [
          "ros2nix"
        ]
      },
      "locked": {
        "lastModified": 1787142081,
        "narHash": "sha256-p1B9oPevB3Ybx2GWMKWh8+aHMahHQm454xXGNtKFVKY=",
        "owner": "ROAR-QUTRC",
        "repo": "ros-NUR-helper",
        "rev": "f4aacbf02fd8d9942f94568015fc2c6a2b348fe2",
        "type": "github"
      },
      "original": {
        "owner": "ROAR-QUTRC",
        "repo": "ros-NUR-helper",
        "type": "github"
      }
    },
    "ros2nix": {
      "inputs": {
        "flake-compat": "flake-compat",
        "flake-utils": [
          "nix-ros-overlay",
          "flake-utils"
        ],
        "nix-ros-overlay": [
          "nix-ros-overlay"
        ],
        "nixpkgs": [
          "nixpkgs"
        ],
        "rosdistro": [
          "nix-ros-overlay",
          "rosdistro"
        ],
        "treefmt-nix": [
          "treefmt-nix"
        ]
      },
      "locked": {
        "lastModified": 1784900297,
        "narHash": "sha256-MSHfAthl+XP/dQR2WCNYBySxwgEXveReN6vfgqUzvRs=",
        "owner": "wentasah",
        "repo": "ros2nix",
        "rev": "5a5bc60b7e8aa8a41b5cf6529e9a2ffea404aea1",
        "type": "github"
      },
      "original": {
        "owner": "wentasah",
        "repo": "ros2nix",
        "type": "github"
      }
    },
    "rosdistro": {
      "flake": false,
      "locked": {
        "lastModified": 1785506537,
        "narHash": "sha256-F/E9AWF3V2coFM0tz8Rpgjs7KZELZ617OUrfiF5Tb3I=",
        "owner": "ros",
        "repo": "rosdistro",
        "rev": "16a90886be745b6ec535942294969c2228a8c59a",
        "type": "github"
      },
      "original": {
        "owner": "ros",
        "repo": "rosdistro",
        "type": "github"
      }
    },
    "systems": {
      "locked": {
        "lastModified": 1681028828,
        "narHash": "sha256-Vy1rq5AaRuLzOxct8nz4T6wlgyUR7zLU309k9mBC768=",
        "owner": "nix-systems",
        "repo": "default",
        "rev": "da67096a3b9bf56a91d16901293e51ba5b49a27e",
        "type": "github"
      },
      "original": {
        "owner": "nix-systems",
        "repo": "default",
        "type": "github"
      }
    },
    "treefmt-nix": {
      "inputs": {
        "nixpkgs": [
          "nixpkgs"
        ]
      },
      "locked": {
        "lastModified": 1785360170,
        "narHash": "sha256-XE1lKgQ3eIO3E7zWryqcRsax+mYXod/5RHBn4YaR9YE=",
        "owner": "numtide",
        "repo": "treefmt-nix",
        "rev": "d1187f8bc71fb8aab02395869ec3f5c1920f75c0",
        "type": "github"
      },
      "original": {
        "owner": "numtide",
        "repo": "treefmt-nix",
        "type": "github"
      }
    }
  },
  "root": "root",
  "version": 7
}